
Microsoft Visual Studio Solution File, Format Version 12.00
# Visual Studio Version 17
VisualStudioVersion = 17.3.32901.215
MinimumVisualStudioVersion = 10.0.40219.1
Project("{FAE04EC0-301F-11D3-BF4B-00C04F79EFBC}") = "Api Int Chat GPT", "Api Int Chat GPT.csproj", "{AF031BB3-ECE3-492A-9278-E31826EFECEC}"
EndProject
Global
	GlobalSection(SolutionConfigurationPlatforms) = preSolution
		Debug|Any CPU = Debug|Any CPU
		Release|Any CPU = Release|Any CPU
	EndGlobalSection
	GlobalSection(ProjectConfigurationPlatforms) = postSolution
		{AF031BB3-ECE3-492A-9278-E31826EFECEC}.Debug|Any CPU.ActiveCfg = Debug|Any CPU
		{AF031BB3-ECE3-492A-9278-E31826EFECEC}.Debug|Any CPU.Build.0 = Debug|Any CPU
		{AF031BB3-ECE3-492A-9278-E31826EFECEC}.Release|Any CPU.ActiveCfg = Release|Any CPU
		{AF031BB3-ECE3-492A-9278-E31826EFECEC}.Release|Any CPU.Build.0 = Release|Any CPU
	EndGlobalSection
	GlobalSection(SolutionProperties) = preSolution
		HideSolutionNode = FALSE
	EndGlobalSection
	GlobalSection(ExtensibilityGlobals) = postSolution
		SolutionGuid = {269D98D2-6688-4541-9669-1237DC5F6725}
	EndGlobalSection
EndGlobal
